
Microsoft Visual Studio Solution File, Format Version 12.00
# Visual Studio Version 17
VisualStudioVersion = 17.6.33712.159
MinimumVisualStudioVersion = 10.0.40219.1
Project("{9A19103F-16F7-4668-BE54-9A1E7A4F7556}") = "Sploosh.UI", "Sploosh.UI\Sploosh.UI.csproj", "{3E970B21-EE66-4474-A572-26E85F8497EF}"
EndProject
Project("{9A19103F-16F7-4668-BE54-9A1E7A4F7556}") = "Sploosh.UI.Tests", "Sploosh.UI.Tests\Sploosh.UI.Tests.csproj", "{F4F53C69-F8E0-4FB8-B6B4-DAE96F571C65}"
EndProject
Project("{9A19103F-16F7-4668-BE54-9A1E7A4F7556}") = "Sploosh.Modules.Game", "ModuleGame\Sploosh.Modules.Game.csproj", "{2FF5A170-117A-40A7-8015-029CAD444332}"
EndProject
Project("{9A19103F-16F7-4668-BE54-9A1E7A4F7556}") = "Sploosh.Modules.Settings", "ModuleSettings\Sploosh.Modules.Settings.csproj", "{B462FDB9-B113-4371-9E26-722CCA6A1973}"
EndProject
Project("{9A19103F-16F7-4668-BE54-9A1E7A4F7556}") = "Sploosh.Modules.Splash", "ModuleSplash\Sploosh.Modules.Splash.csproj", "{6ADC2274-D6DE-4336-A42A-745B0C6BC8AD}"
EndProject
Project("{2150E333-8FDC-42A3-9474-1A3956D46DE8}") = "Modules", "Modules", "{C5CCC686-DA83-4EB5-9AE9-35B2801D5A1B}"
EndProject
Project("{9A19103F-16F7-4668-BE54-9A1E7A4F7556}") = "Sploosh.Services", "Sploosh.Services\Sploosh.Services.csproj", "{735EE106-0472-484C-B0B1-6D055F8E96F3}"
EndProject
Project("{9A19103F-16F7-4668-BE54-9A1E7A4F7556}") = "Sploosh.GameEngine", "Sploosh.GameEngine\Sploosh.GameEngine\Sploosh.GameEngine.csproj", "{B969E8D1-995C-401A-8987-EB9E0C0122B3}"
EndProject
Project("{9A19103F-16F7-4668-BE54-9A1E7A4F7556}") = "Sploosh.GameEngine.Tests", "Sploosh.GameEngine\Sploosh.GameEngine.Tests\Sploosh.GameEngine.Tests.csproj", "{6E0F495B-E0E7-4B60-966E-DC556746FDF7}"
EndProject
Global
	GlobalSection(SolutionConfigurationPlatforms) = preSolution
		Debug|Any CPU = Debug|Any CPU
		Release|Any CPU = Release|Any CPU
	EndGlobalSection
	GlobalSection(ProjectConfigurationPlatforms) = postSolution
		{3E970B21-EE66-4474-A572-26E85F8497EF}.Debug|Any CPU.ActiveCfg = Debug|Any CPU
		{3E970B21-EE66-4474-A572-26E85F8497EF}.Debug|Any CPU.Build.0 = Debug|Any CPU
		{3E970B21-EE66-4474-A572-26E85F8497EF}.Release|Any CPU.ActiveCfg = Release|Any CPU
		{3E970B21-EE66-4474-A572-26E85F8497EF}.Release|Any CPU.Build.0 = Release|Any CPU
		{F4F53C69-F8E0-4FB8-B6B4-DAE96F571C65}.Debug|Any CPU.ActiveCfg = Debug|Any CPU
		{F4F53C69-F8E0-4FB8-B6B4-DAE96F571C65}.Debug|Any CPU.Build.0 = Debug|Any CPU
		{F4F53C69-F8E0-4FB8-B6B4-DAE96F571C65}.Release|Any CPU.ActiveCfg = Release|Any CPU
		{F4F53C69-F8E0-4FB8-B6B4-DAE96F571C65}.Release|Any CPU.Build.0 = Release|Any CPU
		{2FF5A170-117A-40A7-8015-029CAD444332}.Debug|Any CPU.ActiveCfg = Debug|Any CPU
		{2FF5A170-117A-40A7-8015-029CAD444332}.Debug|Any CPU.Build.0 = Debug|Any CPU
		{2FF5A170-117A-40A7-8015-029CAD444332}.Release|Any CPU.ActiveCfg = Release|Any CPU
		{2FF5A170-117A-40A7-8015-029CAD444332}.Release|Any CPU.Build.0 = Release|Any CPU
		{B462FDB9-B113-4371-9E26-722CCA6A1973}.Debug|Any CPU.ActiveCfg = Debug|Any CPU
		{B462FDB9-B113-4371-9E26-722CCA6A1973}.Debug|Any CPU.Build.0 = Debug|Any CPU
		{B462FDB9-B113-4371-9E26-722CCA6A1973}.Release|Any CPU.ActiveCfg = Release|Any CPU
		{B462FDB9-B113-4371-9E26-722CCA6A1973}.Release|Any CPU.Build.0 = Release|Any CPU
		{6ADC2274-D6DE-4336-A42A-745B0C6BC8AD}.Debug|Any CPU.ActiveCfg = Debug|Any CPU
		{6ADC2274-D6DE-4336-A42A-745B0C6BC8AD}.Debug|Any CPU.Build.0 = Debug|Any CPU
		{6ADC2274-D6DE-4336-A42A-745B0C6BC8AD}.Release|Any CPU.ActiveCfg = Release|Any CPU
		{6ADC2274-D6DE-4336-A42A-745B0C6BC8AD}.Release|Any CPU.Build.0 = Release|Any CPU
		{735EE106-0472-484C-B0B1-6D055F8E96F3}.Debug|Any CPU.ActiveCfg = Debug|Any CPU
		{735EE106-0472-484C-B0B1-6D055F8E96F3}.Debug|Any CPU.Build.0 = Debug|Any CPU
		{735EE106-0472-484C-B0B1-6D055F8E96F3}.Release|Any CPU.ActiveCfg = Release|Any CPU
		{735EE106-0472-484C-B0B1-6D055F8E96F3}.Release|Any CPU.Build.0 = Release|Any CPU
		{B969E8D1-995C-401A-8987-EB9E0C0122B3}.Debug|Any CPU.ActiveCfg = Debug|Any CPU
		{B969E8D1-995C-401A-8987-EB9E0C0122B3}.Debug|Any CPU.Build.0 = Debug|Any CPU
		{B969E8D1-995C-401A-8987-EB9E0C0122B3}.Release|Any CPU.ActiveCfg = Release|Any CPU
		{B969E8D1-995C-401A-8987-EB9E0C0122B3}.Release|Any CPU.Build.0 = Release|Any CPU
		{6E0F495B-E0E7-4B60-966E-DC556746FDF7}.Debug|Any CPU.ActiveCfg = Debug|Any CPU
		{6E0F495B-E0E7-4B60-966E-DC556746FDF7}.Debug|Any CPU.Build.0 = Debug|Any CPU
		{6E0F495B-E0E7-4B60-966E-DC556746FDF7}.Release|Any CPU.ActiveCfg = Release|Any CPU
		{6E0F495B-E0E7-4B60-966E-DC556746FDF7}.Release|Any CPU.Build.0 = Release|Any CPU
	EndGlobalSection
	GlobalSection(SolutionProperties) = preSolution
		HideSolutionNode = FALSE
	EndGlobalSection
	GlobalSection(NestedProjects) = preSolution
		{2FF5A170-117A-40A7-8015-029CAD444332} = {C5CCC686-DA83-4EB5-9AE9-35B2801D5A1B}
		{B462FDB9-B113-4371-9E26-722CCA6A1973} = {C5CCC686-DA83-4EB5-9AE9-35B2801D5A1B}
		{6ADC2274-D6DE-4336-A42A-745B0C6BC8AD} = {C5CCC686-DA83-4EB5-9AE9-35B2801D5A1B}
	EndGlobalSection
	GlobalSection(ExtensibilityGlobals) = postSolution
		SolutionGuid = {2701CAD9-5974-4282-ADFA-4B294D2CB98D}
	EndGlobalSection
EndGlobal
